
Microsoft Visual Studio Solution File, Format Version 12.00
# Visual Studio Version 16
VisualStudioVersion = 16.0.31129.286
MinimumVisualStudioVersion = 10.0.40219.1
Project("{FAE04EC0-301F-11D3-BF4B-00C04F79EFBC}") = "QLSV-3LAYER", "QLSV-3LAYER.csproj", "{11259B3D-0EBF-471A-B4E2-0192488F053E}"
EndProject
Global
	GlobalSection(SolutionConfigurationPlatforms) = preSolution
		Debug|Any CPU = Debug|Any CPU
		Release|Any CPU = Release|Any CPU
	EndGlobalSection
	GlobalSection(ProjectConfigurationPlatforms) = postSolution
		{11259B3D-0EBF-471A-B4E2-0192488F053E}.Debug|Any CPU.ActiveCfg = Debug|Any CPU
		{11259B3D-0EBF-471A-B4E2-0192488F053E}.Debug|Any CPU.Build.0 = Debug|Any CPU
		{11259B3D-0EBF-471A-B4E2-0192488F053E}.Release|Any CPU.ActiveCfg = Release|Any CPU
		{11259B3D-0EBF-471A-B4E2-0192488F053E}.Release|Any CPU.Build.0 = Release|Any CPU
	EndGlobalSection
	GlobalSection(SolutionProperties) = preSolution
		HideSolutionNode = FALSE
	EndGlobalSection
	GlobalSection(ExtensibilityGlobals) = postSolution
		SolutionGuid = {0C89735D-C759-4852-818C-51D362C5BC52}
	EndGlobalSection
EndGlobal
